{
  "name": "hermes-parser-ast-example",
  "version": "1.0.0",
  "lockfileVersion": 3,
  "requires": true,
  "packages": {
    "": {
      "name": "hermes-parser-ast-example",
      "version": "1.0.0",
      "dependencies": {
        "hermes-estree": "0.37.0",
        "hermes-parser": "file:../../external/hermes-parser-native/package"
      }
    },
    "node_modules/hermes-estree": {
      "version": "0.37.0",
      "resolved": "https://registry.npmjs.org/hermes-estree/-/hermes-estree-0.37.0.tgz",
      "integrity": "sha512-Frp4+A518C4zZgB2+Qo1srlM3y6nbrFbNNzBF3g7tEuQXHXTb2h39V25JQLNHotxclkD+AZTN/JCCpiTFlhIGg==",
      "license": "MIT"
    },
    "node_modules/hermes-parser": {
      "name": "hermes-parser-native",
      "version": "0.37.0",
      "resolved": "file:../../external/hermes-parser-native/package",
      "license": "MIT",
      "dependencies": {
        "hermes-estree": "0.37.0"
      }
    }
  }
}
